
Microsoft Visual Studio Solution File, Format Version 12.00
# Visual Studio Version 17
VisualStudioVersion = 17.1.32421.90
MinimumVisualStudioVersion = 10.0.40219.1
Project("{9A19103F-16F7-4668-BE54-9A1E7A4F7556}") = "ShopifyGraphQLNet", "src\ShopifyGraphQLNet\ShopifyGraphQLNet.csproj", "{18E9C136-9350-4567-B38D-0C4B80397C11}"
EndProject
Project("{FAE04EC0-301F-11D3-BF4B-00C04F79EFBC}") = "ShopifyGraphQLNet.Tests", "tests\ShopifyGraphQLNet.Tests\ShopifyGraphQLNet.Tests.csproj", "{76F56954-EA25-4A7A-991C-1D3C3B4317AB}"
EndProject
Global
	GlobalSection(SolutionConfigurationPlatforms) = preSolution
		Debug|Any CPU = Debug|Any CPU
		Release|Any CPU = Release|Any CPU
	EndGlobalSection
	GlobalSection(ProjectConfigurationPlatforms) = postSolution
		{18E9C136-9350-4567-B38D-0C4B80397C11}.Debug|Any CPU.ActiveCfg = Debug|Any CPU
		{18E9C136-9350-4567-B38D-0C4B80397C11}.Debug|Any CPU.Build.0 = Debug|Any CPU
		{18E9C136-9350-4567-B38D-0C4B80397C11}.Release|Any CPU.ActiveCfg = Release|Any CPU
		{18E9C136-9350-4567-B38D-0C4B80397C11}.Release|Any CPU.Build.0 = Release|Any CPU
		{76F56954-EA25-4A7A-991C-1D3C3B4317AB}.Debug|Any CPU.ActiveCfg = Debug|Any CPU
		{76F56954-EA25-4A7A-991C-1D3C3B4317AB}.Debug|Any CPU.Build.0 = Debug|Any CPU
		{76F56954-EA25-4A7A-991C-1D3C3B4317AB}.Release|Any CPU.ActiveCfg = Release|Any CPU
		{76F56954-EA25-4A7A-991C-1D3C3B4317AB}.Release|Any CPU.Build.0 = Release|Any CPU
	EndGlobalSection
	GlobalSection(SolutionProperties) = preSolution
		HideSolutionNode = FALSE
	EndGlobalSection
	GlobalSection(ExtensibilityGlobals) = postSolution
		SolutionGuid = {A8D999B8-5256-4159-9481-52AE3F49277B}
	EndGlobalSection
EndGlobal
